
Microsoft Visual Studio Solution File, Format Version 12.00
# Visual Studio Version 16
VisualStudioVersion = 25.0.1706.7
MinimumVisualStudioVersion = 10.0.40219.1
Project("{FAE04EC0-301F-11D3-BF4B-00C04F79EFBC}") = "OperatorExercise", "OperatorExercise.csproj", "{CF3D5D49-BB5F-4312-904A-1EE69B781B5E}"
EndProject
Global
	GlobalSection(SolutionConfigurationPlatforms) = preSolution
		Debug|Any CPU = Debug|Any CPU
		Release|Any CPU = Release|Any CPU
	EndGlobalSection
	GlobalSection(ProjectConfigurationPlatforms) = postSolution
		{CF3D5D49-BB5F-4312-904A-1EE69B781B5E}.Debug|Any CPU.ActiveCfg = Debug|Any CPU
		{CF3D5D49-BB5F-4312-904A-1EE69B781B5E}.Debug|Any CPU.Build.0 = Debug|Any CPU
		{CF3D5D49-BB5F-4312-904A-1EE69B781B5E}.Release|Any CPU.ActiveCfg = Release|Any CPU
		{CF3D5D49-BB5F-4312-904A-1EE69B781B5E}.Release|Any CPU.Build.0 = Release|Any CPU
	EndGlobalSection
	GlobalSection(SolutionProperties) = preSolution
		HideSolutionNode = FALSE
	EndGlobalSection
	GlobalSection(ExtensibilityGlobals) = postSolution
		SolutionGuid = {D998C0BE-E399-4AB5-8AC1-54F9F053DF5E}
	EndGlobalSection
EndGlobal
